
Microsoft Visual Studio Solution File, Format Version 12.00
# Visual Studio Version 17
VisualStudioVersion = 17.9.34728.123
MinimumVisualStudioVersion = 10.0.40219.1
Project("{FAE04EC0-301F-11D3-BF4B-00C04F79EFBC}") = "Empleados", "Empleados.csproj", "{D019FD7F-06D7-433A-88C0-C02A601C2249}"
EndProject
Global
	GlobalSection(SolutionConfigurationPlatforms) = preSolution
		Debug|Any CPU = Debug|Any CPU
		Release|Any CPU = Release|Any CPU
	EndGlobalSection
	GlobalSection(ProjectConfigurationPlatforms) = postSolution
		{D019FD7F-06D7-433A-88C0-C02A601C2249}.Debug|Any CPU.ActiveCfg = Debug|Any CPU
		{D019FD7F-06D7-433A-88C0-C02A601C2249}.Debug|Any CPU.Build.0 = Debug|Any CPU
		{D019FD7F-06D7-433A-88C0-C02A601C2249}.Release|Any CPU.ActiveCfg = Release|Any CPU
		{D019FD7F-06D7-433A-88C0-C02A601C2249}.Release|Any CPU.Build.0 = Release|Any CPU
	EndGlobalSection
	GlobalSection(SolutionProperties) = preSolution
		HideSolutionNode = FALSE
	EndGlobalSection
	GlobalSection(ExtensibilityGlobals) = postSolution
		SolutionGuid = {4C08DC1A-8287-4400-AA91-27C1AFC3EE3F}
	EndGlobalSection
EndGlobal
